speakeasyVersion: 1.794.0
sources:
    GrowthBook REST API:
        sourceNamespace: growth-book-rest-api
        sourceRevisionDigest: sha256:b2963e349a4a84e61bcab8212d0b00f7ff5875a3b839b9f4c0fa4096358b69be
        sourceBlobDigest: sha256:b28ea6ab72cee15670b8d07438719ac96bc1562ea203b91bf6f0f3c28ae33879
        tags:
            - latest
            - 5.0.1
targets:
    growthbook:
        source: GrowthBook REST API
        sourceNamespace: growth-book-rest-api
        sourceRevisionDigest: sha256:b2963e349a4a84e61bcab8212d0b00f7ff5875a3b839b9f4c0fa4096358b69be
        sourceBlobDigest: sha256:b28ea6ab72cee15670b8d07438719ac96bc1562ea203b91bf6f0f3c28ae33879
workflow:
    workflowVersion: 1.0.0
    speakeasyVersion: 1.794.0
    sources:
        GrowthBook REST API:
            inputs:
                - location: https://raw.githubusercontent.com/growthbook/growthbook/main/packages/back-end/generated/spec.yaml
            overlays:
                - location: .speakeasy/overlay.yaml
            transformations:
                - removeUnused: true
            output: .speakeasy/out.openapi.yaml
            registry:
                location: registry.speakeasyapi.dev/growthbook-y8z/growthbook/growth-book-rest-api
    targets:
        growthbook:
            target: cli
            source: GrowthBook REST API
