speakeasyVersion: 1.794.0
sources:
    GrowthBook REST API:
        sourceNamespace: growth-book-rest-api
        sourceRevisionDigest: sha256:006a0db17009ed5cf6666de9fb6f149c03f9821734d0b055c9f9e009ca5a8c03
        sourceBlobDigest: sha256:328b59deb7198a59addb1baa64d0d637660e0dea7568e917f30cdd5f93a3ad9a
        tags:
            - latest
            - 5.1.0
targets:
    growthbook:
        source: GrowthBook REST API
        sourceNamespace: growth-book-rest-api
        sourceRevisionDigest: sha256:006a0db17009ed5cf6666de9fb6f149c03f9821734d0b055c9f9e009ca5a8c03
        sourceBlobDigest: sha256:328b59deb7198a59addb1baa64d0d637660e0dea7568e917f30cdd5f93a3ad9a
workflow:
    workflowVersion: 1.0.0
    speakeasyVersion: 1.794.0
    sources:
        GrowthBook REST API:
            inputs:
                - location: https://raw.githubusercontent.com/growthbook/growthbook/main/packages/back-end/generated/spec.yaml
            overlays:
                - location: .speakeasy/overlay.yaml
            transformations:
                - removeUnused: true
            output: .speakeasy/out.openapi.yaml
            registry:
                location: registry.speakeasyapi.dev/growthbook-y8z/growthbook/growth-book-rest-api
    targets:
        growthbook:
            target: cli
            source: GrowthBook REST API
