speakeasyVersion: 1.763.1
sources:
    GrowthBook REST API:
        sourceNamespace: growth-book-rest-api
        sourceRevisionDigest: sha256:986cc8480dabd81e942a811e89d7972124af0764bb605ae3ca37eff578045d2e
        sourceBlobDigest: sha256:9e676a027431fccf06f706632a2465ce5845843b27d4fe3c06648c31b9fd2365
        tags:
            - latest
            - 1.0.0
targets:
    growthbook:
        source: GrowthBook REST API
        sourceNamespace: growth-book-rest-api
        sourceRevisionDigest: sha256:986cc8480dabd81e942a811e89d7972124af0764bb605ae3ca37eff578045d2e
        sourceBlobDigest: sha256:9e676a027431fccf06f706632a2465ce5845843b27d4fe3c06648c31b9fd2365
workflow:
    workflowVersion: 1.0.0
    speakeasyVersion: latest
    sources:
        GrowthBook REST API:
            inputs:
                - location: ../growthbook/packages/back-end/generated/spec.yaml
            output: .speakeasy/out.openapi.yaml
            registry:
                location: registry.speakeasyapi.dev/growthbook/growthbook/growth-book-rest-api
    targets:
        growthbook:
            target: cli
            source: GrowthBook REST API
